
Microsoft Visual Studio Solution File, Format Version 12.00
Project("{FAE04EC0-301F-11D3-BF4B-00C04F79EFBC}") = "PR01 - Primers passos amb dotnet core", "PR01 - Primers passos amb dotnet core\PR01 - Primers passos amb dotnet core.csproj", "{ECA70904-39B2-4C24-B92C-78B5AEA1C1D4}"
EndProject
Global
	GlobalSection(SolutionConfigurationPlatforms) = preSolution
		Debug|Any CPU = Debug|Any CPU
		Release|Any CPU = Release|Any CPU
	EndGlobalSection
	GlobalSection(ProjectConfigurationPlatforms) = postSolution
		{ECA70904-39B2-4C24-B92C-78B5AEA1C1D4}.Debug|Any CPU.ActiveCfg = Debug|Any CPU
		{ECA70904-39B2-4C24-B92C-78B5AEA1C1D4}.Debug|Any CPU.Build.0 = Debug|Any CPU
		{ECA70904-39B2-4C24-B92C-78B5AEA1C1D4}.Release|Any CPU.ActiveCfg = Release|Any CPU
		{ECA70904-39B2-4C24-B92C-78B5AEA1C1D4}.Release|Any CPU.Build.0 = Release|Any CPU
	EndGlobalSection
EndGlobal
